{
  "requires": true,
  "lockfileVersion": 1,
  "dependencies": {
    "validatorjs": {
      "version": "3.22.1",
      "resolved": "https://registry.npmjs.org/validatorjs/-/validatorjs-3.22.1.tgz",
      "integrity": "sha512-451KiCt/3E8qV/8fOUdO0YkA8zUdQBNVxubg9jvgEB+JAg9IlRKrClzwq2ir2ndj7TWmPYQ7bXFb4BxcyX2iWw=="
    }
  }
}
