{
  "requires": true,
  "lockfileVersion": 1,
  "dependencies": {
    "primeicons": {
      "version": "4.0.0",
      "resolved": "https://registry.npmjs.org/primeicons/-/primeicons-4.0.0.tgz",
      "integrity": "sha512-JQBIswGSItn8I0Pq21RchENpKJxSi1MjfBDfggMQpXtoKNKblJoHmol/7tCV3CAV2Dlb94ht8TD8qdIAW01pGg=="
    },
    "tslib": {
      "version": "2.0.1",
      "resolved": "https://registry.npmjs.org/tslib/-/tslib-2.0.1.tgz",
      "integrity": "sha512-SgIkNheinmEBgx1IUNirK0TUD4X9yjjBRTqqjggWCU3pUEqIk3/Uwl3yRixYKT6WjQuGiwDv4NomL3wqRCj+CQ=="
    }
  }
}
