{
  "requires": true,
  "lockfileVersion": 1,
  "dependencies": {
    "@angular/material": {
      "version": "11.1.0",
      "resolved": "https://registry.npmjs.org/@angular/material/-/material-11.1.0.tgz",
      "integrity": "sha512-k7KpU8T32mmi1vaU27SSZ/gwO2YpxEUCTSzAOZNK8YugAXC+A5xPYLcNU8dlzBP4EW7XBkeSSnUacpI199YcyQ==",
      "requires": {
        "tslib": "^2.0.0"
      },
      "dependencies": {
        "tslib": {
          "version": "2.1.0",
          "resolved": "https://registry.npmjs.org/tslib/-/tslib-2.1.0.tgz",
          "integrity": "sha512-hcVC3wYEziELGGmEEXue7D75zbwIIVUMWAVbHItGPx0ziyXxrOMQx4rQEVEV45Ut/1IotuEvwqPopzIOkDMf0A=="
        }
      }
    },
    "angular-progress-bar": {
      "version": "1.0.11",
      "resolved": "https://registry.npmjs.org/angular-progress-bar/-/angular-progress-bar-1.0.11.tgz",
      "integrity": "sha512-VlBEna/LpPGtodlqby1kQN5MB4pGrZJNUQX6pparH3ak7mtRmcbkxnk4wbQMaLxs3YpGWB3alEbtXJmtR4tXHw==",
      "requires": {
        "tslib": "^1.9.0"
      }
    },
    "angular2-speedometer": {
      "version": "1.2.0",
      "resolved": "https://registry.npmjs.org/angular2-speedometer/-/angular2-speedometer-1.2.0.tgz",
      "integrity": "sha512-rh4oJkVy6/Ragk0WkU3R/5WsZvfTjR70BqTHEDBM3RJAeHdEadnSXaqq7UBKYWevcquBB+lxbPjCzAPZws5DHw=="
    },
    "tslib": {
      "version": "1.14.1",
      "resolved": "https://registry.npmjs.org/tslib/-/tslib-1.14.1.tgz",
      "integrity": "sha512-Xni35NKzjgMrwevysHTCArtLDpPvye8zV/0E4EyYn43P7/7qvQwPh9BGkHewbMulVntbigmcT7rdX3BNo9wRJg=="
    }
  }
}
